PODS:
  - Alamofire (2.0.1)
  - Async (1.3.1)
  - CryptoSwift (0.0.14)
  - JSQMessagesViewController (7.2.0):
    - JSQSystemSoundPlayer (~> 2.0.1)
  - JSQSystemSoundPlayer (2.0.1)
  - KeyboardMan (0.5)
  - KeychainAccess (1.2.1)
  - LTMorphingLabel (0.0.8)
  - Moya (2.2.2):
    - Moya/Core (= 2.2.2)
  - Moya/Core (2.2.2):
    - Alamofire (~> 2.0)
  - SQLite.swift (1.0.0.pre)
  - SwiftColors (0.2.0)
  - SwiftDate (1.0.10)
  - SwiftyJSON (2.2.1)
  - XCGLogger (3.0)

DEPENDENCIES:
  - Alamofire
  - Async (from `https://github.com/duemunk/Async.git`, branch `feature/Swift_2.0`)
  - CryptoSwift
  - JSQMessagesViewController
  - KeyboardMan
  - KeychainAccess (from `https://github.com/kishikawakatsumi/KeychainAccess.git`,
    branch `swift-2.0`)
  - LTMorphingLabel
  - Moya
  - SQLite.swift (from `https://github.com/stephencelis/SQLite.swift.git`, branch
    `swift-2`)
  - SwiftColors (from `https://github.com/thii/SwiftColors.git`, branch `swift-2.0`)
  - SwiftDate (from `https://github.com/malcommac/SwiftDate.git`, branch `swift-2.0`)
  - SwiftyJSON (from `https://github.com/SwiftyJSON/SwiftyJSON.git`, branch `xcode7`)
  - XCGLogger

EXTERNAL SOURCES:
  Async:
    :branch: feature/Swift_2.0
    :git: https://github.com/duemunk/Async.git
  KeychainAccess:
    :branch: swift-2.0
    :git: https://github.com/kishikawakatsumi/KeychainAccess.git
  SQLite.swift:
    :branch: swift-2
    :git: https://github.com/stephencelis/SQLite.swift.git
  SwiftColors:
    :branch: swift-2.0
    :git: https://github.com/thii/SwiftColors.git
  SwiftDate:
    :branch: swift-2.0
    :git: https://github.com/malcommac/SwiftDate.git
  SwiftyJSON:
    :branch: xcode7
    :git: https://github.com/SwiftyJSON/SwiftyJSON.git

CHECKOUT OPTIONS:
  Async:
    :commit: abe23c18d8d3a708a325b5db10231388e1ca5b88
    :git: https://github.com/duemunk/Async.git
  KeychainAccess:
    :commit: 38ea7f3e8f40d878bc040e2dc9109ea29326b1d5
    :git: https://github.com/kishikawakatsumi/KeychainAccess.git
  SQLite.swift:
    :commit: 252b1abea7ad28d487c36de9a7b1c97c82060ae6
    :git: https://github.com/stephencelis/SQLite.swift.git
  SwiftColors:
    :commit: 4560b0c49820886ed94721edee5d4c1678ef59e2
    :git: https://github.com/thii/SwiftColors.git
  SwiftDate:
    :commit: 0fa563318bbae2de33c0cd19d2f941e90aa54bd1
    :git: https://github.com/malcommac/SwiftDate.git
  SwiftyJSON:
    :commit: 6eb4cda062fa09c4658e4184f92d822058f226e3
    :git: https://github.com/SwiftyJSON/SwiftyJSON.git

SPEC CHECKSUMS:
  Alamofire: 1d8e208d616fbbfd2391b15eae766d07c96cdc49
  Async: edb15b1e34181d7c9873ce6b5d6eabc1c99e638b
  CryptoSwift: 5a6b725e2ad65a789f5f435dd434d38eb2c40b46
  JSQMessagesViewController: 73cab48aa92fc2d512f3b6724f3425cc47a19eb5
  JSQSystemSoundPlayer: c5850e77a4363ffd374cd851154b9af93264ed8d
  KeyboardMan: ae716dfb1252ebcd1f68a2b659e91a970110e799
  KeychainAccess: 2ffa8b1b7130263bb7fe90b359d778696fc2d8ce
  LTMorphingLabel: 0d2c981d47bb3b57dd03b37c5c13d8d71fc1e97e
  Moya: 9a98841c81a45c3cc9059cec26920122c1035839
  SQLite.swift: 5dfee5c783b93f4c0035c0317a11c3c92cc91910
  SwiftColors: 2567199aba33f5c05ccbfc86ad646c0aebe80439
  SwiftDate: e9dbbf7e88d35b6c51a3b6e59c79c5e0d7b8eb1b
  SwiftyJSON: ae2d0a3d68025d136602a33c4ee215091ced3e33
  XCGLogger: 5802533aff8bafc8b3b9776ab8972576f31d0a4e

COCOAPODS: 0.38.2
