PODS:
  - Alamofire (2.0.1)
  - AsyncSwift (1.7.0)
  - CryptoSwift (0.0.14)
  - JSQMessagesViewController (7.2.0):
    - JSQSystemSoundPlayer (~> 2.0.1)
  - JSQSystemSoundPlayer (2.0.1)
  - KeyboardMan (0.5)
  - KeychainAccess (2.3.3)
  - LTMorphingLabel (0.0.8)
  - Moya (2.2.2):
    - Moya/Core (= 2.2.2)
  - Moya/Core (2.2.2):
    - Alamofire (~> 2.0)
  - SQLite.swift (0.9.2)
  - SwiftDate (2.0.2)
  - SwiftHEXColors (1.0.2)
  - SwiftyJSON (2.2.1)
  - XCGLogger (3.0)

DEPENDENCIES:
  - Alamofire
  - AsyncSwift
  - CryptoSwift
  - JSQMessagesViewController
  - KeyboardMan
  - KeychainAccess
  - LTMorphingLabel
  - Moya
  - SQLite.swift (~> 0.9.2)
  - SwiftDate (~> 2.0)
  - SwiftHEXColors
  - SwiftyJSON (from `https://github.com/SwiftyJSON/SwiftyJSON.git`, branch `xcode7`)
  - XCGLogger

EXTERNAL SOURCES:
  SwiftyJSON:
    :branch: xcode7
    :git: https://github.com/SwiftyJSON/SwiftyJSON.git

CHECKOUT OPTIONS:
  SwiftyJSON:
    :commit: 6eb4cda062fa09c4658e4184f92d822058f226e3
    :git: https://github.com/SwiftyJSON/SwiftyJSON.git

SPEC CHECKSUMS:
  Alamofire: 1d8e208d616fbbfd2391b15eae766d07c96cdc49
  AsyncSwift: 334516ac494030121a95007410bd4686802394bd
  CryptoSwift: 5a6b725e2ad65a789f5f435dd434d38eb2c40b46
  JSQMessagesViewController: 73cab48aa92fc2d512f3b6724f3425cc47a19eb5
  JSQSystemSoundPlayer: c5850e77a4363ffd374cd851154b9af93264ed8d
  KeyboardMan: ae716dfb1252ebcd1f68a2b659e91a970110e799
  KeychainAccess: 9b7e49e48277e329b1b3195e54697ed313d30acf
  LTMorphingLabel: 0d2c981d47bb3b57dd03b37c5c13d8d71fc1e97e
  Moya: 9a98841c81a45c3cc9059cec26920122c1035839
  SQLite.swift: 5dca22dbf6634fdb9c3270fae9491830804e9b2d
  SwiftDate: b4f4d0962afe48365ad2800c9850a6626deb9359
  SwiftHEXColors: 1238ce6ee5c698ef9caf00fad72876602ecd9df6
  SwiftyJSON: ae2d0a3d68025d136602a33c4ee215091ced3e33
  XCGLogger: 5802533aff8bafc8b3b9776ab8972576f31d0a4e

COCOAPODS: 0.39.0
